// !$*UTF8*$!
{
	archiveVersion = 1;
	classes = {
	};
	objectVersion = 50;
	objects = {

/* Begin PBXBuildFile section */
		0045B8302716020E00873A9B /* CharacterTableViewCell.xib in Resources */ = {isa = PBXBuildFile; fileRef = 0045B82F2716020E00873A9B /* CharacterTableViewCell.xib */; };
		0045B83227174FC200873A9B /* Color.xcassets in Resources */ = {isa = PBXBuildFile; fileRef = 0045B83127174FC200873A9B /* Color.xcassets */; };
		0045B84E2718BD1400873A9B /* AutoMockable.stencil in Resources */ = {isa = PBXBuildFile; fileRef = 0045B84D2718BD1400873A9B /* AutoMockable.stencil */; };
		0045B8502718BE8500873A9B /* .sourcery.yml in Resources */ = {isa = PBXBuildFile; fileRef = 0045B84F2718BE8500873A9B /* .sourcery.yml */; };
		0045B8582718BEF400873A9B /* Mock in Resources */ = {isa = PBXBuildFile; fileRef = 0045B8572718BEF400873A9B /* Mock */; };
		005F3B7225BD7C3000A39CAD /* CharacterImageView.swift in Sources */ = {isa = PBXBuildFile; fileRef = 005F3B7125BD7C3000A39CAD /* CharacterImageView.swift */; };
		005F3B7725BDA91200A39CAD /* ImageService.swift in Sources */ = {isa = PBXBuildFile; fileRef = 005F3B7625BDA91200A39CAD /* ImageService.swift */; };
		0066819A25BDF1D30097FC2D /* CharacterScreen.storyboard in Resources */ = {isa = PBXBuildFile; fileRef = 0053CD4D2588145900A598B7 /* CharacterScreen.storyboard */; };
		0066819C25BDF1D30097FC2D /* EpisodeScreen.storyboard in Resources */ = {isa = PBXBuildFile; fileRef = 0053CD44258813EC00A598B7 /* EpisodeScreen.storyboard */; };
		0066819D25BDF1D30097FC2D /* LocationScreen.storyboard in Resources */ = {isa = PBXBuildFile; fileRef = 0053CD402588138F00A598B7 /* LocationScreen.storyboard */; };
		0066819E25BDF1D30097FC2D /* CharactersList.storyboard in Resources */ = {isa = PBXBuildFile; fileRef = 0053CD3C2588134100A598B7 /* CharactersList.storyboard */; };
		006681AC25BDF2560097FC2D /* EpisodesList.storyboard in Resources */ = {isa = PBXBuildFile; fileRef = 006681AA25BDF2560097FC2D /* EpisodesList.storyboard */; };
		00785B2226EA942900D6D66B /* EpisodeListPresenter.swift in Sources */ = {isa = PBXBuildFile; fileRef = 00785B1D26EA942900D6D66B /* EpisodeListPresenter.swift */; };
		00785B2326EA942900D6D66B /* EpisodeListRouter.swift in Sources */ = {isa = PBXBuildFile; fileRef = 00785B1E26EA942900D6D66B /* EpisodeListRouter.swift */; };
		00785B2426EA942900D6D66B /* EpisodeListAssembly.swift in Sources */ = {isa = PBXBuildFile; fileRef = 00785B1F26EA942900D6D66B /* EpisodeListAssembly.swift */; };
		00785B2526EA942900D6D66B /* EpisodeListInteractor.swift in Sources */ = {isa = PBXBuildFile; fileRef = 00785B2026EA942900D6D66B /* EpisodeListInteractor.swift */; };
		00785B2726EAB07C00D6D66B /* EpisodeDetailsView.swift in Sources */ = {isa = PBXBuildFile; fileRef = 00785B2626EAB07C00D6D66B /* EpisodeDetailsView.swift */; };
		00B1A9BB26F3C95B00CF4568 /* EpisodeListPagination.storyboard in Resources */ = {isa = PBXBuildFile; fileRef = 00B1A9BA26F3C95B00CF4568 /* EpisodeListPagination.storyboard */; };
		00B1A9BE26F3C99E00CF4568 /* EpisodeCell.xib in Resources */ = {isa = PBXBuildFile; fileRef = 00B1A9BD26F3C99E00CF4568 /* EpisodeCell.xib */; };
		00B1A9C026F5101D00CF4568 /* UITableViewCell + Extension.swift in Sources */ = {isa = PBXBuildFile; fileRef = 00B1A9BF26F5101D00CF4568 /* UITableViewCell + Extension.swift */; };
		00B8DAD226F298C800C9BFAC /* LocationListPagination.storyboard in Resources */ = {isa = PBXBuildFile; fileRef = 00B8DAD126F298C800C9BFAC /* LocationListPagination.storyboard */; };
		00B8DADA26F3223100C9BFAC /* CharacterListPagination.storyboard in Resources */ = {isa = PBXBuildFile; fileRef = 00B8DAD926F3223100C9BFAC /* CharacterListPagination.storyboard */; };
		00B8DADC26F3BEA300C9BFAC /* LoadingCell.xib in Resources */ = {isa = PBXBuildFile; fileRef = 00B8DADB26F3BEA300C9BFAC /* LoadingCell.xib */; };
		00B8DADE26F3BFA700C9BFAC /* LocationCell.xib in Resources */ = {isa = PBXBuildFile; fileRef = 00B8DADD26F3BFA700C9BFAC /* LocationCell.xib */; };
		00E3CDC526E9317000A41901 /* CharacterListPresenter.swift in Sources */ = {isa = PBXBuildFile; fileRef = 00E3CDC426E9317000A41901 /* CharacterListPresenter.swift */; };
		00E3CDC726E9317C00A41901 /* CharacterListInteractor.swift in Sources */ = {isa = PBXBuildFile; fileRef = 00E3CDC626E9317C00A41901 /* CharacterListInteractor.swift */; };
		00E3CDC926E9318700A41901 /* CharacterListRouter.swift in Sources */ = {isa = PBXBuildFile; fileRef = 00E3CDC826E9318700A41901 /* CharacterListRouter.swift */; };
		00E3CDCB26E931A800A41901 /* CharacterListAssembly.swift in Sources */ = {isa = PBXBuildFile; fileRef = 00E3CDCA26E931A800A41901 /* CharacterListAssembly.swift */; };
		00E3CDE126E95DD100A41901 /* RickAndMortyTests.swift in Sources */ = {isa = PBXBuildFile; fileRef = 00E3CDE026E95DD100A41901 /* RickAndMortyTests.swift */; };
		00E41EA226DD2FBF00205CC5 /* CharacterDetailsPresenter.swift in Sources */ = {isa = PBXBuildFile; fileRef = 00E41EA126DD2FBF00205CC5 /* CharacterDetailsPresenter.swift */; };
		00E41EA426DD2FCB00205CC5 /* CharacterDetailsInteractor.swift in Sources */ = {isa = PBXBuildFile; fileRef = 00E41EA326DD2FCB00205CC5 /* CharacterDetailsInteractor.swift */; };
		00E41EA626DD2FDF00205CC5 /* CharacterDetailsAssembly.swift in Sources */ = {isa = PBXBuildFile; fileRef = 00E41EA526DD2FDF00205CC5 /* CharacterDetailsAssembly.swift */; };
		00E41EB126DDFEAB00205CC5 /* CharacterDetailsRouter.swift in Sources */ = {isa = PBXBuildFile; fileRef = 00E41EB026DDFEAB00205CC5 /* CharacterDetailsRouter.swift */; };
		00E41EB526DE0D9500205CC5 /* LocationDetailsPresenter.swift in Sources */ = {isa = PBXBuildFile; fileRef = 00E41EB426DE0D9500205CC5 /* LocationDetailsPresenter.swift */; };
		00E41EB726DE0DA800205CC5 /* LocationDetailsInteractor.swift in Sources */ = {isa = PBXBuildFile; fileRef = 00E41EB626DE0DA800205CC5 /* LocationDetailsInteractor.swift */; };
		00E41EB926DE0DB500205CC5 /* LocationDetailsAssembly.swift in Sources */ = {isa = PBXBuildFile; fileRef = 00E41EB826DE0DB500205CC5 /* LocationDetailsAssembly.swift */; };
		00E41EBB26DE0DC400205CC5 /* LocationDetailsRouter.swift in Sources */ = {isa = PBXBuildFile; fileRef = 00E41EBA26DE0DC400205CC5 /* LocationDetailsRouter.swift */; };
		00E91408258F64AF00121605 /* CharacterService.swift in Sources */ = {isa = PBXBuildFile; fileRef = 00E91407258F64AF00121605 /* CharacterService.swift */; };
		00E9140B258F653900121605 /* LocationService.swift in Sources */ = {isa = PBXBuildFile; fileRef = 00E9140A258F653900121605 /* LocationService.swift */; };
		00E9140E258F655300121605 /* EpisodeService.swift in Sources */ = {isa = PBXBuildFile; fileRef = 00E9140D258F655300121605 /* EpisodeService.swift */; };
		00FFCB91258BF99E00D3BD64 /* Image.xcassets in Resources */ = {isa = PBXBuildFile; fileRef = 003435932580227E009D5C75 /* Image.xcassets */; };
		00FFCB92258BF99E00D3BD64 /* SF-Pro-Text-Medium.otf in Resources */ = {isa = PBXBuildFile; fileRef = 00DDEE552583F52A00802CE9 /* SF-Pro-Text-Medium.otf */; };
		00FFCB93258BF99E00D3BD64 /* SF-Pro-Text-Regular.otf in Resources */ = {isa = PBXBuildFile; fileRef = 00DDEE542583F52A00802CE9 /* SF-Pro-Text-Regular.otf */; };
		00FFCB94258BF99E00D3BD64 /* SF-Pro-Text-Semibold.otf in Resources */ = {isa = PBXBuildFile; fileRef = 00DDEE562583F52A00802CE9 /* SF-Pro-Text-Semibold.otf */; };
		00FFCB95258BF99E00D3BD64 /* SF-Pro-Text-Bold.otf in Resources */ = {isa = PBXBuildFile; fileRef = 00DDEE572583F52A00802CE9 /* SF-Pro-Text-Bold.otf */; };
		00FFCB9B258BF99E00D3BD64 /* Main.storyboard in Resources */ = {isa = PBXBuildFile; fileRef = 003435902580227B009D5C75 /* Main.storyboard */; };
		00FFCB9C258BF99E00D3BD64 /* LaunchScreen.storyboard in Resources */ = {isa = PBXBuildFile; fileRef = 003435952580227E009D5C75 /* LaunchScreen.storyboard */; };
		00FFCB9E258BF9B600D3BD64 /* CharacterModel.swift in Sources */ = {isa = PBXBuildFile; fileRef = 00FFCB5F258B7B6E00D3BD64 /* CharacterModel.swift */; };
		00FFCB9F258BF9B600D3BD64 /* LocationModel.swift in Sources */ = {isa = PBXBuildFile; fileRef = 00FFCB69258BB39A00D3BD64 /* LocationModel.swift */; };
		00FFCBA0258BF9B600D3BD64 /* EpisodeModel.swift in Sources */ = {isa = PBXBuildFile; fileRef = 00FFCB71258BE2B500D3BD64 /* EpisodeModel.swift */; };
		00FFCBA1258BF9B600D3BD64 /* CustomSegmentedControl.swift in Sources */ = {isa = PBXBuildFile; fileRef = 00DDEEC625869A1400802CE9 /* CustomSegmentedControl.swift */; };
		00FFCBA2258BF9B600D3BD64 /* UIView + Extension.swift in Sources */ = {isa = PBXBuildFile; fileRef = 00DDEE892584455800802CE9 /* UIView + Extension.swift */; };
		00FFCBA3258BF9B600D3BD64 /* LocationDetailsViewController.swift in Sources */ = {isa = PBXBuildFile; fileRef = 00DDEE5F25840A8F00802CE9 /* LocationDetailsViewController.swift */; };
		00FFCBA5258BF9B600D3BD64 /* CharacterTableViewCell.swift in Sources */ = {isa = PBXBuildFile; fileRef = 0093A17025803F7000DAC1E6 /* CharacterTableViewCell.swift */; };
		00FFCBA6258BF9B600D3BD64 /* LocationCell.swift in Sources */ = {isa = PBXBuildFile; fileRef = 0093A17325803FC200DAC1E6 /* LocationCell.swift */; };
		00FFCBA7258BF9B600D3BD64 /* EpisodeCell.swift in Sources */ = {isa = PBXBuildFile; fileRef = 0093A17625803FF000DAC1E6 /* EpisodeCell.swift */; };
		00FFCBA8258BF9B600D3BD64 /* CharacterCollectionViewCell.swift in Sources */ = {isa = PBXBuildFile; fileRef = 00DDEE6D25841A9B00802CE9 /* CharacterCollectionViewCell.swift */; };
		00FFCBA9258BF9B600D3BD64 /* CharacterListViewController.swift in Sources */ = {isa = PBXBuildFile; fileRef = 00DDEE7125841C8900802CE9 /* CharacterListViewController.swift */; };
		00FFCBAA258BF9B600D3BD64 /* CharacterDetailsViewController.swift in Sources */ = {isa = PBXBuildFile; fileRef = 002337042582C92A00D56B60 /* CharacterDetailsViewController.swift */; };
		00FFCBAB258BF9B600D3BD64 /* EpisodeListViewController.swift in Sources */ = {isa = PBXBuildFile; fileRef = 00DDEE7625842EAE00802CE9 /* EpisodeListViewController.swift */; };
		00FFCBAC258BF9B600D3BD64 /* EpisodeCollectionViewCell.swift in Sources */ = {isa = PBXBuildFile; fileRef = 00DDEE7925842ED000802CE9 /* EpisodeCollectionViewCell.swift */; };
		00FFCBAF258BF9C000D3BD64 /* AppDelegate.swift in Sources */ = {isa = PBXBuildFile; fileRef = 0034358A2580227B009D5C75 /* AppDelegate.swift */; };
		00FFCBB0258BF9C000D3BD64 /* SceneDelegate.swift in Sources */ = {isa = PBXBuildFile; fileRef = 0034358C2580227B009D5C75 /* SceneDelegate.swift */; };
		00FFCBB2258BF9ED00D3BD64 /* NetworkManager.swift in Sources */ = {isa = PBXBuildFile; fileRef = 00FFCB5B258B77E500D3BD64 /* NetworkManager.swift */; };
		08AAFAEEA827C0C537599EF6 /* CharacterListPaginationPresenter.swift in Sources */ = {isa = PBXBuildFile; fileRef = 24B9BFC40750780CCB682447 /* CharacterListPaginationPresenter.swift */; };
		08DA91F52215BF8EFEE82FD5 /* HomeInteractor.swift in Sources */ = {isa = PBXBuildFile; fileRef = 3C0FB8BFEB9B455E44C15FA9 /* HomeInteractor.swift */; };
		17402CEB51FEBCC4FD2FB284 /* EpisodeDetailsInteractor.swift in Sources */ = {isa = PBXBuildFile; fileRef = 020A41599E169E4620ECC694 /* EpisodeDetailsInteractor.swift */; };
		1B9D2CDBD3599F619E90B86F /* CharacterListPaginationView.swift in Sources */ = {isa = PBXBuildFile; fileRef = EB13704C9329DD139A55B97A /* CharacterListPaginationView.swift */; };
		27B4E1CE0EC29E9E012795AF /* HomeRouter.swift in Sources */ = {isa = PBXBuildFile; fileRef = 57FD70896269FB89400BEDEA /* HomeRouter.swift */; };
		3627CA703AC3C2C5DAD5A89F /* CharacterListPaginationRouter.swift in Sources */ = {isa = PBXBuildFile; fileRef = EE7AB07B1D66CCCBB520D498 /* CharacterListPaginationRouter.swift */; };
		3DDDC2C1CFEFF2CA898670CF /* EpisodeDetailsRouter.swift in Sources */ = {isa = PBXBuildFile; fileRef = FB5809FFF591D55F8FB9F4E9 /* EpisodeDetailsRouter.swift */; };
		4FEA2A425AE74CD0A974CD4D /* EpisodeListPaginationPresenter.swift in Sources */ = {isa = PBXBuildFile; fileRef = 52995397430E38C84D129E23 /* EpisodeListPaginationPresenter.swift */; };
		5004BD10FE3A270981F36F98 /* EpisodeListPaginationRouter.swift in Sources */ = {isa = PBXBuildFile; fileRef = ED09B1EE936982199C0323D6 /* EpisodeListPaginationRouter.swift */; };
		563AD3BBEDC8B2F5E33EEF12 /* HomeView.swift in Sources */ = {isa = PBXBuildFile; fileRef = 1A745214097599C03669855D /* HomeView.swift */; };
		5EAC84965BDEB3068676C4DB /* HomePresenter.swift in Sources */ = {isa = PBXBuildFile; fileRef = CF947929280B3A3E4D031578 /* HomePresenter.swift */; };
		6249098ECA20997645CC3A41 /* HomeAssembly.swift in Sources */ = {isa = PBXBuildFile; fileRef = 193E2310FE9F0920E7E161D2 /* HomeAssembly.swift */; };
		634B29B0EEAD0977A86F1A00 /* CharacterListPaginationInteractor.swift in Sources */ = {isa = PBXBuildFile; fileRef = B5B9157EE1556B105D7FBF06 /* CharacterListPaginationInteractor.swift */; };
		6999D02C6FD4297FB3D5EEA0 /* EpisodeDetailsAssembly.swift in Sources */ = {isa = PBXBuildFile; fileRef = 3A18FB3D1634246F1D4DCF53 /* EpisodeDetailsAssembly.swift */; };
		74C2BC3201AC47D2BCA36FD6 /* Pods_RickAndMortyTests.framework in Frameworks */ = {isa = PBXBuildFile; fileRef = 65E18EAD60427D2B59572576 /* Pods_RickAndMortyTests.framework */; };
		81384C471B194FB1A47A2FBC /* EpisodeDetailsPresenter.swift in Sources */ = {isa = PBXBuildFile; fileRef = 5BDBABB827F363701E81C37F /* EpisodeDetailsPresenter.swift */; };
		875A631402E67037B3A02A8E /* LocationListPaginationAssembly.swift in Sources */ = {isa = PBXBuildFile; fileRef = 7EDD1C61E6FD2731116B07A9 /* LocationListPaginationAssembly.swift */; };
		916EAC8D69B5C5AF850ADEFF /* EpisodeListPaginationInteractor.swift in Sources */ = {isa = PBXBuildFile; fileRef = 1EBDC072B028CC78EDDFF8EF /* EpisodeListPaginationInteractor.swift */; };
		996C3BF2FD1112A57CEF84AF /* CharacterListPaginationAssembly.swift in Sources */ = {isa = PBXBuildFile; fileRef = 369C08A55646AA68BE636AA8 /* CharacterListPaginationAssembly.swift */; };
		AF86EB25BC34F51CF07352D5 /* LocationListPaginationInteractor.swift in Sources */ = {isa = PBXBuildFile; fileRef = 14F51D1F7F5BF58D7358349F /* LocationListPaginationInteractor.swift */; };
		BC80BEAA910CCEE2683F953F /* LocationListPaginationPresenter.swift in Sources */ = {isa = PBXBuildFile; fileRef = 86CB723AC76261C68A661B22 /* LocationListPaginationPresenter.swift */; };
		C440FE2F28AAF0ADA703C2DC /* EpisodeListPaginationView.swift in Sources */ = {isa = PBXBuildFile; fileRef = 9FB6D3AAE961653493C43531 /* EpisodeListPaginationView.swift */; };
		FA9141D1DA16A6FBF1653D36 /* LocationListPaginationViewController.swift in Sources */ = {isa = PBXBuildFile; fileRef = 98F751C81CDBEEAAD8DE46A3 /* LocationListPaginationViewController.swift */; };
		FB8CE7CBD7464D76DCFFB42B /* Pods_RickAndMorty.framework in Frameworks */ = {isa = PBXBuildFile; fileRef = 620632122D135743D3631876 /* Pods_RickAndMorty.framework */; };
		FCA042771A4520449F9CCED4 /* EpisodeListPaginationAssembly.swift in Sources */ = {isa = PBXBuildFile; fileRef = BE0E14DD78B01B07A3BD9127 /* EpisodeListPaginationAssembly.swift */; };
		FED986797086F516FC702D29 /* LocationListPaginationRouter.swift in Sources */ = {isa = PBXBuildFile; fileRef = 4C1DA0D5415A2D87A2152A2C /* LocationListPaginationRouter.swift */; };
/* End PBXBuildFile section */

/* Begin PBXContainerItemProxy section */
		00E3CDE326E95DD100A41901 /* PBXContainerItemProxy */ = {
			isa = PBXContainerItemProxy;
			containerPortal = 0034357F2580227B009D5C75 /* Project object */;
			proxyType = 1;
			remoteGlobalIDString = 00FFCB7A258BF73B00D3BD64;
			remoteInfo = RickAndMorty;
		};
/* End PBXContainerItemProxy section */

/* Begin PBXFileReference section */
		002337042582C92A00D56B60 /* CharacterDetailsViewController.swift */ = {isa = PBXFileReference; lastKnownFileType = sourcecode.swift; path = CharacterDetailsViewController.swift; sourceTree = "<group>"; };
		0034358A2580227B009D5C75 /* AppDelegate.swift */ = {isa = PBXFileReference; lastKnownFileType = sourcecode.swift; path = AppDelegate.swift; sourceTree = "<group>"; };
		0034358C2580227B009D5C75 /* SceneDelegate.swift */ = {isa = PBXFileReference; lastKnownFileType = sourcecode.swift; path = SceneDelegate.swift; sourceTree = "<group>"; };
		003435912580227B009D5C75 /* Base */ = {isa = PBXFileReference; lastKnownFileType = file.storyboard; name = Base; path = Base.lproj/Main.storyboard; sourceTree = "<group>"; };
		003435932580227E009D5C75 /* Image.xcassets */ = {isa = PBXFileReference; lastKnownFileType = folder.assetcatalog; path = Image.xcassets; sourceTree = "<group>"; };
		003435962580227E009D5C75 /* Base */ = {isa = PBXFileReference; lastKnownFileType = file.storyboard; name = Base; path = Base.lproj/LaunchScreen.storyboard; sourceTree = "<group>"; };
		003435982580227E009D5C75 /* Info.plist */ = {isa = PBXFileReference; lastKnownFileType = text.plist.xml; path = Info.plist; sourceTree = "<group>"; };
		0045B82F2716020E00873A9B /* CharacterTableViewCell.xib */ = {isa = PBXFileReference; lastKnownFileType = file.xib; path = CharacterTableViewCell.xib; sourceTree = "<group>"; };
		0045B83127174FC200873A9B /* Color.xcassets */ = {isa = PBXFileReference; lastKnownFileType = folder.assetcatalog; path = Color.xcassets; sourceTree = "<group>"; };
		0045B84D2718BD1400873A9B /* AutoMockable.stencil */ = {isa = PBXFileReference; lastKnownFileType = text; path = AutoMockable.stencil; sourceTree = "<group>"; };
		0045B84F2718BE8500873A9B /* .sourcery.yml */ = {isa = PBXFileReference; fileEncoding = 4; lastKnownFileType = text.yaml; path = .sourcery.yml; sourceTree = SOURCE_ROOT; };
		0045B8572718BEF400873A9B /* Mock */ = {isa = PBXFileReference; lastKnownFileType = folder; path = Mock; sourceTree = "<group>"; };
		0053CD3D2588134100A598B7 /* Base */ = {isa = PBXFileReference; lastKnownFileType = file.storyboard; name = Base; path = RickAndMorty/Storyboards/Base.lproj/CharactersList.storyboard; sourceTree = "<group>"; };
		0053CD412588138F00A598B7 /* Base */ = {isa = PBXFileReference; lastKnownFileType = file.storyboard; name = Base; path = RickAndMorty/Storyboards/Base.lproj/LocationScreen.storyboard; sourceTree = "<group>"; };
		0053CD45258813EC00A598B7 /* Base */ = {isa = PBXFileReference; lastKnownFileType = file.storyboard; name = Base; path = RickAndMorty/Storyboards/Base.lproj/EpisodeScreen.storyboard; sourceTree = "<group>"; };
		0053CD4E2588145900A598B7 /* Base */ = {isa = PBXFileReference; lastKnownFileType = file.storyboard; name = Base; path = RickAndMorty/Storyboards/Base.lproj/CharacterScreen.storyboard; sourceTree = "<group>"; };
		005F3B7125BD7C3000A39CAD /* CharacterImageView.swift */ = {isa = PBXFileReference; lastKnownFileType = sourcecode.swift; path = CharacterImageView.swift; sourceTree = "<group>"; };
		005F3B7625BDA91200A39CAD /* ImageService.swift */ = {isa = PBXFileReference; lastKnownFileType = sourcecode.swift; path = ImageService.swift; sourceTree = "<group>"; };
		006681AB25BDF2560097FC2D /* Base */ = {isa = PBXFileReference; lastKnownFileType = file.storyboard; name = Base; path = RickAndMorty/Storyboards/Base.lproj/EpisodesList.storyboard; sourceTree = "<group>"; };
		00785B1D26EA942900D6D66B /* EpisodeListPresenter.swift */ = {isa = PBXFileReference; fileEncoding = 4; lastKnownFileType = sourcecode.swift; path = EpisodeListPresenter.swift; sourceTree = "<group>"; };
		00785B1E26EA942900D6D66B /* EpisodeListRouter.swift */ = {isa = PBXFileReference; fileEncoding = 4; lastKnownFileType = sourcecode.swift; path = EpisodeListRouter.swift; sourceTree = "<group>"; };
		00785B1F26EA942900D6D66B /* EpisodeListAssembly.swift */ = {isa = PBXFileReference; fileEncoding = 4; lastKnownFileType = sourcecode.swift; path = EpisodeListAssembly.swift; sourceTree = "<group>"; };
		00785B2026EA942900D6D66B /* EpisodeListInteractor.swift */ = {isa = PBXFileReference; fileEncoding = 4; lastKnownFileType = sourcecode.swift; path = EpisodeListInteractor.swift; sourceTree = "<group>"; };
		00785B2626EAB07C00D6D66B /* EpisodeDetailsView.swift */ = {isa = PBXFileReference; fileEncoding = 4; lastKnownFileType = sourcecode.swift; path = EpisodeDetailsView.swift; sourceTree = "<group>"; };
		0093A17025803F7000DAC1E6 /* CharacterTableViewCell.swift */ = {isa = PBXFileReference; lastKnownFileType = sourcecode.swift; path = CharacterTableViewCell.swift; sourceTree = "<group>"; };
		0093A17325803FC200DAC1E6 /* LocationCell.swift */ = {isa = PBXFileReference; lastKnownFileType = sourcecode.swift; path = LocationCell.swift; sourceTree = "<group>"; };
		0093A17625803FF000DAC1E6 /* EpisodeCell.swift */ = {isa = PBXFileReference; lastKnownFileType = sourcecode.swift; path = EpisodeCell.swift; sourceTree = "<group>"; };
		00B1A9BA26F3C95B00CF4568 /* EpisodeListPagination.storyboard */ = {isa = PBXFileReference; lastKnownFileType = file.storyboard; path = EpisodeListPagination.storyboard; sourceTree = "<group>"; };
		00B1A9BD26F3C99E00CF4568 /* EpisodeCell.xib */ = {isa = PBXFileReference; lastKnownFileType = file.xib; path = EpisodeCell.xib; sourceTree = "<group>"; };
		00B1A9BF26F5101D00CF4568 /* UITableViewCell + Extension.swift */ = {isa = PBXFileReference; lastKnownFileType = sourcecode.swift; path = "UITableViewCell + Extension.swift"; sourceTree = "<group>"; };
		00B8DAD126F298C800C9BFAC /* LocationListPagination.storyboard */ = {isa = PBXFileReference; lastKnownFileType = file.storyboard; path = LocationListPagination.storyboard; sourceTree = "<group>"; };
		00B8DAD926F3223100C9BFAC /* CharacterListPagination.storyboard */ = {isa = PBXFileReference; lastKnownFileType = file.storyboard; path = CharacterListPagination.storyboard; sourceTree = "<group>"; };
		00B8DADB26F3BEA300C9BFAC /* LoadingCell.xib */ = {isa = PBXFileReference; lastKnownFileType = file.xib; path = LoadingCell.xib; sourceTree = "<group>"; };
		00B8DADD26F3BFA700C9BFAC /* LocationCell.xib */ = {isa = PBXFileReference; lastKnownFileType = file.xib; path = LocationCell.xib; sourceTree = "<group>"; };
		00DDEE542583F52A00802CE9 /* SF-Pro-Text-Regular.otf */ = {isa = PBXFileReference; lastKnownFileType = file; path = "SF-Pro-Text-Regular.otf"; sourceTree = "<group>"; };
		00DDEE552583F52A00802CE9 /* SF-Pro-Text-Medium.otf */ = {isa = PBXFileReference; lastKnownFileType = file; path = "SF-Pro-Text-Medium.otf"; sourceTree = "<group>"; };
		00DDEE562583F52A00802CE9 /* SF-Pro-Text-Semibold.otf */ = {isa = PBXFileReference; lastKnownFileType = file; path = "SF-Pro-Text-Semibold.otf"; sourceTree = "<group>"; };
		00DDEE572583F52A00802CE9 /* SF-Pro-Text-Bold.otf */ = {isa = PBXFileReference; lastKnownFileType = file; path = "SF-Pro-Text-Bold.otf"; sourceTree = "<group>"; };
		00DDEE5F25840A8F00802CE9 /* LocationDetailsViewController.swift */ = {isa = PBXFileReference; lastKnownFileType = sourcecode.swift; path = LocationDetailsViewController.swift; sourceTree = "<group>"; };
		00DDEE6D25841A9B00802CE9 /* CharacterCollectionViewCell.swift */ = {isa = PBXFileReference; lastKnownFileType = sourcecode.swift; name = CharacterCollectionViewCell.swift; path = RickAndMorty/Modules/Character/CharacterList/Cell/CharacterCollectionViewCell.swift; sourceTree = SOURCE_ROOT; };
		00DDEE7125841C8900802CE9 /* CharacterListViewController.swift */ = {isa = PBXFileReference; lastKnownFileType = sourcecode.swift; path = CharacterListViewController.swift; sourceTree = "<group>"; };
		00DDEE7625842EAE00802CE9 /* EpisodeListViewController.swift */ = {isa = PBXFileReference; lastKnownFileType = sourcecode.swift; path = EpisodeListViewController.swift; sourceTree = "<group>"; };
		00DDEE7925842ED000802CE9 /* EpisodeCollectionViewCell.swift */ = {isa = PBXFileReference; lastKnownFileType = sourcecode.swift; path = EpisodeCollectionViewCell.swift; sourceTree = "<group>"; };
		00DDEE892584455800802CE9 /* UIView + Extension.swift */ = {isa = PBXFileReference; lastKnownFileType = sourcecode.swift; path = "UIView + Extension.swift"; sourceTree = "<group>"; };
		00DDEEC625869A1400802CE9 /* CustomSegmentedControl.swift */ = {isa = PBXFileReference; lastKnownFileType = sourcecode.swift; path = CustomSegmentedControl.swift; sourceTree = "<group>"; };
		00E3CDC426E9317000A41901 /* CharacterListPresenter.swift */ = {isa = PBXFileReference; lastKnownFileType = sourcecode.swift; path = CharacterListPresenter.swift; sourceTree = "<group>"; };
		00E3CDC626E9317C00A41901 /* CharacterListInteractor.swift */ = {isa = PBXFileReference; lastKnownFileType = sourcecode.swift; path = CharacterListInteractor.swift; sourceTree = "<group>"; };
		00E3CDC826E9318700A41901 /* CharacterListRouter.swift */ = {isa = PBXFileReference; lastKnownFileType = sourcecode.swift; path = CharacterListRouter.swift; sourceTree = "<group>"; };
		00E3CDCA26E931A800A41901 /* CharacterListAssembly.swift */ = {isa = PBXFileReference; lastKnownFileType = sourcecode.swift; path = CharacterListAssembly.swift; sourceTree = "<group>"; };
		00E3CDDE26E95DD100A41901 /* RickAndMortyTests.xctest */ = {isa = PBXFileReference; explicitFileType = wrapper.cfbundle; includeInIndex = 0; path = RickAndMortyTests.xctest; sourceTree = BUILT_PRODUCTS_DIR; };
		00E3CDE026E95DD100A41901 /* RickAndMortyTests.swift */ = {isa = PBXFileReference; lastKnownFileType = sourcecode.swift; path = RickAndMortyTests.swift; sourceTree = "<group>"; };
		00E3CDE226E95DD100A41901 /* Info.plist */ = {isa = PBXFileReference; lastKnownFileType = text.plist.xml; path = Info.plist; sourceTree = "<group>"; };
		00E3CE0626EA905100A41901 /* assembly.swift.liquid */ = {isa = PBXFileReference; lastKnownFileType = text; path = assembly.swift.liquid; sourceTree = "<group>"; };
		00E3CE0726EA905100A41901 /* presenter.swift.liquid */ = {isa = PBXFileReference; lastKnownFileType = text; path = presenter.swift.liquid; sourceTree = "<group>"; };
		00E3CE0826EA905100A41901 /* router.swift.liquid */ = {isa = PBXFileReference; lastKnownFileType = text; path = router.swift.liquid; sourceTree = "<group>"; };
		00E3CE0926EA905100A41901 /* view.swift.liquid */ = {isa = PBXFileReference; lastKnownFileType = text; path = view.swift.liquid; sourceTree = "<group>"; };
		00E3CE0A26EA905100A41901 /* interactor.swift.liquid */ = {isa = PBXFileReference; lastKnownFileType = text; path = interactor.swift.liquid; sourceTree = "<group>"; };
		00E3CE0B26EA905100A41901 /* RickAndMorty.rambaspec */ = {isa = PBXFileReference; lastKnownFileType = text; path = RickAndMorty.rambaspec; sourceTree = "<group>"; };
		00E41EA126DD2FBF00205CC5 /* CharacterDetailsPresenter.swift */ = {isa = PBXFileReference; lastKnownFileType = sourcecode.swift; path = CharacterDetailsPresenter.swift; sourceTree = "<group>"; };
		00E41EA326DD2FCB00205CC5 /* CharacterDetailsInteractor.swift */ = {isa = PBXFileReference; lastKnownFileType = sourcecode.swift; path = CharacterDetailsInteractor.swift; sourceTree = "<group>"; };
		00E41EA526DD2FDF00205CC5 /* CharacterDetailsAssembly.swift */ = {isa = PBXFileReference; lastKnownFileType = sourcecode.swift; path = CharacterDetailsAssembly.swift; sourceTree = "<group>"; };
		00E41EB026DDFEAB00205CC5 /* CharacterDetailsRouter.swift */ = {isa = PBXFileReference; lastKnownFileType = sourcecode.swift; path = CharacterDetailsRouter.swift; sourceTree = "<group>"; };
		00E41EB426DE0D9500205CC5 /* LocationDetailsPresenter.swift */ = {isa = PBXFileReference; lastKnownFileType = sourcecode.swift; path = LocationDetailsPresenter.swift; sourceTree = "<group>"; };
		00E41EB626DE0DA800205CC5 /* LocationDetailsInteractor.swift */ = {isa = PBXFileReference; lastKnownFileType = sourcecode.swift; path = LocationDetailsInteractor.swift; sourceTree = "<group>"; };
		00E41EB826DE0DB500205CC5 /* LocationDetailsAssembly.swift */ = {isa = PBXFileReference; lastKnownFileType = sourcecode.swift; path = LocationDetailsAssembly.swift; sourceTree = "<group>"; };
		00E41EBA26DE0DC400205CC5 /* LocationDetailsRouter.swift */ = {isa = PBXFileReference; lastKnownFileType = sourcecode.swift; path = LocationDetailsRouter.swift; sourceTree = "<group>"; };
		00E91407258F64AF00121605 /* CharacterService.swift */ = {isa = PBXFileReference; lastKnownFileType = sourcecode.swift; path = CharacterService.swift; sourceTree = "<group>"; };
		00E9140A258F653900121605 /* LocationService.swift */ = {isa = PBXFileReference; lastKnownFileType = sourcecode.swift; path = LocationService.swift; sourceTree = "<group>"; };
		00E9140D258F655300121605 /* EpisodeService.swift */ = {isa = PBXFileReference; lastKnownFileType = sourcecode.swift; path = EpisodeService.swift; sourceTree = "<group>"; };
		00FFCB5B258B77E500D3BD64 /* NetworkManager.swift */ = {isa = PBXFileReference; lastKnownFileType = sourcecode.swift; path = NetworkManager.swift; sourceTree = "<group>"; };
		00FFCB5F258B7B6E00D3BD64 /* CharacterModel.swift */ = {isa = PBXFileReference; lastKnownFileType = sourcecode.swift; path = CharacterModel.swift; sourceTree = "<group>"; };
		00FFCB69258BB39A00D3BD64 /* LocationModel.swift */ = {isa = PBXFileReference; lastKnownFileType = sourcecode.swift; path = LocationModel.swift; sourceTree = "<group>"; };
		00FFCB71258BE2B500D3BD64 /* EpisodeModel.swift */ = {isa = PBXFileReference; lastKnownFileType = sourcecode.swift; path = EpisodeModel.swift; sourceTree = "<group>"; };
		00FFCB7B258BF73B00D3BD64 /* RickAndMorty.app */ = {isa = PBXFileReference; explicitFileType = wrapper.application; includeInIndex = 0; path = RickAndMorty.app; sourceTree = BUILT_PRODUCTS_DIR; };
		020A41599E169E4620ECC694 /* EpisodeDetailsInteractor.swift */ = {isa = PBXFileReference; includeInIndex = 1; lastKnownFileType = sourcecode.swift; path = EpisodeDetailsInteractor.swift; sourceTree = "<group>"; };
		14F51D1F7F5BF58D7358349F /* LocationListPaginationInteractor.swift */ = {isa = PBXFileReference; includeInIndex = 1; lastKnownFileType = sourcecode.swift; path = LocationListPaginationInteractor.swift; sourceTree = "<group>"; };
		193E2310FE9F0920E7E161D2 /* HomeAssembly.swift */ = {isa = PBXFileReference; includeInIndex = 1; lastKnownFileType = sourcecode.swift; path = HomeAssembly.swift; sourceTree = "<group>"; };
		1A745214097599C03669855D /* HomeView.swift */ = {isa = PBXFileReference; includeInIndex = 1; lastKnownFileType = sourcecode.swift; path = HomeView.swift; sourceTree = "<group>"; };
		1EBDC072B028CC78EDDFF8EF /* EpisodeListPaginationInteractor.swift */ = {isa = PBXFileReference; includeInIndex = 1; lastKnownFileType = sourcecode.swift; path = EpisodeListPaginationInteractor.swift; sourceTree = "<group>"; };
		24B9BFC40750780CCB682447 /* CharacterListPaginationPresenter.swift */ = {isa = PBXFileReference; includeInIndex = 1; lastKnownFileType = sourcecode.swift; path = CharacterListPaginationPresenter.swift; sourceTree = "<group>"; };
		369C08A55646AA68BE636AA8 /* CharacterListPaginationAssembly.swift */ = {isa = PBXFileReference; includeInIndex = 1; lastKnownFileType = sourcecode.swift; path = CharacterListPaginationAssembly.swift; sourceTree = "<group>"; };
		3A18FB3D1634246F1D4DCF53 /* EpisodeDetailsAssembly.swift */ = {isa = PBXFileReference; includeInIndex = 1; lastKnownFileType = sourcecode.swift; path = EpisodeDetailsAssembly.swift; sourceTree = "<group>"; };
		3AD975B051F1CFA8C4B3879A /* Pods-RickAndMorty.release.xcconfig */ = {isa = PBXFileReference; includeInIndex = 1; lastKnownFileType = text.xcconfig; name = "Pods-RickAndMorty.release.xcconfig"; path = "Target Support Files/Pods-RickAndMorty/Pods-RickAndMorty.release.xcconfig"; sourceTree = "<group>"; };
		3C0FB8BFEB9B455E44C15FA9 /* HomeInteractor.swift */ = {isa = PBXFileReference; includeInIndex = 1; lastKnownFileType = sourcecode.swift; path = HomeInteractor.swift; sourceTree = "<group>"; };
		4C1DA0D5415A2D87A2152A2C /* LocationListPaginationRouter.swift */ = {isa = PBXFileReference; includeInIndex = 1; lastKnownFileType = sourcecode.swift; path = LocationListPaginationRouter.swift; sourceTree = "<group>"; };
		52995397430E38C84D129E23 /* EpisodeListPaginationPresenter.swift */ = {isa = PBXFileReference; includeInIndex = 1; lastKnownFileType = sourcecode.swift; path = EpisodeListPaginationPresenter.swift; sourceTree = "<group>"; };
		57FD70896269FB89400BEDEA /* HomeRouter.swift */ = {isa = PBXFileReference; includeInIndex = 1; lastKnownFileType = sourcecode.swift; path = HomeRouter.swift; sourceTree = "<group>"; };
		5BDBABB827F363701E81C37F /* EpisodeDetailsPresenter.swift */ = {isa = PBXFileReference; includeInIndex = 1; lastKnownFileType = sourcecode.swift; path = EpisodeDetailsPresenter.swift; sourceTree = "<group>"; };
		620632122D135743D3631876 /* Pods_RickAndMorty.framework */ = {isa = PBXFileReference; explicitFileType = wrapper.framework; includeInIndex = 0; path = Pods_RickAndMorty.framework; sourceTree = BUILT_PRODUCTS_DIR; };
		65E18EAD60427D2B59572576 /* Pods_RickAndMortyTests.framework */ = {isa = PBXFileReference; explicitFileType = wrapper.framework; includeInIndex = 0; path = Pods_RickAndMortyTests.framework; sourceTree = BUILT_PRODUCTS_DIR; };
		7EDD1C61E6FD2731116B07A9 /* LocationListPaginationAssembly.swift */ = {isa = PBXFileReference; includeInIndex = 1; lastKnownFileType = sourcecode.swift; path = LocationListPaginationAssembly.swift; sourceTree = "<group>"; };
		86CB723AC76261C68A661B22 /* LocationListPaginationPresenter.swift */ = {isa = PBXFileReference; includeInIndex = 1; lastKnownFileType = sourcecode.swift; path = LocationListPaginationPresenter.swift; sourceTree = "<group>"; };
		98F751C81CDBEEAAD8DE46A3 /* LocationListPaginationViewController.swift */ = {isa = PBXFileReference; includeInIndex = 1; lastKnownFileType = sourcecode.swift; path = LocationListPaginationViewController.swift; sourceTree = "<group>"; };
		9FB6D3AAE961653493C43531 /* EpisodeListPaginationView.swift */ = {isa = PBXFileReference; includeInIndex = 1; lastKnownFileType = sourcecode.swift; path = EpisodeListPaginationView.swift; sourceTree = "<group>"; };
		A7FE128768DFC0419D6547C8 /* Pods-RickAndMortyTests.release.xcconfig */ = {isa = PBXFileReference; includeInIndex = 1; lastKnownFileType = text.xcconfig; name = "Pods-RickAndMortyTests.release.xcconfig"; path = "Target Support Files/Pods-RickAndMortyTests/Pods-RickAndMortyTests.release.xcconfig"; sourceTree = "<group>"; };
		B55E0ED1DC92EB94931922C8 /* Pods-RickAndMorty.debug.xcconfig */ = {isa = PBXFileReference; includeInIndex = 1; lastKnownFileType = text.xcconfig; name = "Pods-RickAndMorty.debug.xcconfig"; path = "Target Support Files/Pods-RickAndMorty/Pods-RickAndMorty.debug.xcconfig"; sourceTree = "<group>"; };
		B5B9157EE1556B105D7FBF06 /* CharacterListPaginationInteractor.swift */ = {isa = PBXFileReference; includeInIndex = 1; lastKnownFileType = sourcecode.swift; path = CharacterListPaginationInteractor.swift; sourceTree = "<group>"; };
		B752AD98093B0BD3AC0378BE /* Pods-RickAndMortyTests.debug.xcconfig */ = {isa = PBXFileReference; includeInIndex = 1; lastKnownFileType = text.xcconfig; name = "Pods-RickAndMortyTests.debug.xcconfig"; path = "Target Support Files/Pods-RickAndMortyTests/Pods-RickAndMortyTests.debug.xcconfig"; sourceTree = "<group>"; };
		BE0E14DD78B01B07A3BD9127 /* EpisodeListPaginationAssembly.swift */ = {isa = PBXFileReference; includeInIndex = 1; lastKnownFileType = sourcecode.swift; path = EpisodeListPaginationAssembly.swift; sourceTree = "<group>"; };
		CF947929280B3A3E4D031578 /* HomePresenter.swift */ = {isa = PBXFileReference; includeInIndex = 1; lastKnownFileType = sourcecode.swift; path = HomePresenter.swift; sourceTree = "<group>"; };
		EB13704C9329DD139A55B97A /* CharacterListPaginationView.swift */ = {isa = PBXFileReference; includeInIndex = 1; lastKnownFileType = sourcecode.swift; path = CharacterListPaginationView.swift; sourceTree = "<group>"; };
		ED09B1EE936982199C0323D6 /* EpisodeListPaginationRouter.swift */ = {isa = PBXFileReference; includeInIndex = 1; lastKnownFileType = sourcecode.swift; path = EpisodeListPaginationRouter.swift; sourceTree = "<group>"; };
		EE7AB07B1D66CCCBB520D498 /* CharacterListPaginationRouter.swift */ = {isa = PBXFileReference; includeInIndex = 1; lastKnownFileType = sourcecode.swift; path = CharacterListPaginationRouter.swift; sourceTree = "<group>"; };
		FB5809FFF591D55F8FB9F4E9 /* EpisodeDetailsRouter.swift */ = {isa = PBXFileReference; includeInIndex = 1; lastKnownFileType = sourcecode.swift; path = EpisodeDetailsRouter.swift; sourceTree = "<group>"; };
/* End PBXFileReference section */

/* Begin PBXFrameworksBuildPhase section */
		00E3CDDB26E95DD100A41901 /* Frameworks */ = {
			isa = PBXFrameworksBuildPhase;
			buildActionMask = 2147483647;
			files = (
				74C2BC3201AC47D2BCA36FD6 /* Pods_RickAndMortyTests.framework in Frameworks */,
			);
			runOnlyForDeploymentPostprocessing = 0;
		};
		00FFCB78258BF73B00D3BD64 /* Frameworks */ = {
			isa = PBXFrameworksBuildPhase;
			buildActionMask = 2147483647;
			files = (
				FB8CE7CBD7464D76DCFFB42B /* Pods_RickAndMorty.framework in Frameworks */,
			);
			runOnlyForDeploymentPostprocessing = 0;
		};
/* End PBXFrameworksBuildPhase section */

/* Begin PBXGroup section */
		000C896226FD02090066E7B1 /* Cell */ = {
			isa = PBXGroup;
			children = (
				00DDEE7925842ED000802CE9 /* EpisodeCollectionViewCell.swift */,
			);
			path = Cell;
			sourceTree = "<group>";
		};
		002336EB2582B2F800D56B60 /* Supporting Files */ = {
			isa = PBXGroup;
			children = (
				003435982580227E009D5C75 /* Info.plist */,
				0034358A2580227B009D5C75 /* AppDelegate.swift */,
				0034358C2580227B009D5C75 /* SceneDelegate.swift */,
			);
			path = "Supporting Files";
			sourceTree = "<group>";
		};
		002336FB2582B5FC00D56B60 /* Storyboards */ = {
			isa = PBXGroup;
			children = (
				003435952580227E009D5C75 /* LaunchScreen.storyboard */,
			);
			path = Storyboards;
			sourceTree = "<group>";
		};
		0034357E2580227B009D5C75 = {
			isa = PBXGroup;
			children = (
				003435892580227B009D5C75 /* RickAndMorty */,
				00E3CDDF26E95DD100A41901 /* RickAndMortyTests */,
				00E3CDE826E9604E00A41901 /* Templates */,
				003435882580227B009D5C75 /* Products */,
				97F34932495A393606B6864F /* Pods */,
				84B14065AF4A0C0AEA654C48 /* Frameworks */,
			);
			sourceTree = "<group>";
		};
		003435882580227B009D5C75 /* Products */ = {
			isa = PBXGroup;
			children = (
				00FFCB7B258BF73B00D3BD64 /* RickAndMorty.app */,
				00E3CDDE26E95DD100A41901 /* RickAndMortyTests.xctest */,
			);
			name = Products;
			sourceTree = "<group>";
		};
		003435892580227B009D5C75 /* RickAndMorty */ = {
			isa = PBXGroup;
			children = (
				0045B84F2718BE8500873A9B /* .sourcery.yml */,
				0053CD3A258811D700A598B7 /* Custom */,
				00E41EB226DE09EB00205CC5 /* Modules */,
				00DDEE872584451500802CE9 /* Extension */,
				005F3B7025BD7BD400A39CAD /* Views */,
				002336EB2582B2F800D56B60 /* Supporting Files */,
				0093A1652580363600DAC1E6 /* Resources */,
				002336FB2582B5FC00D56B60 /* Storyboards */,
				00FFCBB8258BFC0B00D3BD64 /* Service */,
			);
			path = RickAndMorty;
			sourceTree = "<group>";
		};
		0045B84C2718BCF100873A9B /* Sourcery */ = {
			isa = PBXGroup;
			children = (
				0045B84D2718BD1400873A9B /* AutoMockable.stencil */,
			);
			path = Sourcery;
			sourceTree = "<group>";
		};
		0053CD3A258811D700A598B7 /* Custom */ = {
			isa = PBXGroup;
			children = (
				00DDEEC625869A1400802CE9 /* CustomSegmentedControl.swift */,
			);
			path = Custom;
			sourceTree = "<group>";
		};
		005F3B7025BD7BD400A39CAD /* Views */ = {
			isa = PBXGroup;
			children = (
				005F3B7125BD7C3000A39CAD /* CharacterImageView.swift */,
			);
			path = Views;
			sourceTree = "<group>";
		};
		00785B1B26EA942900D6D66B /* EpisodeList */ = {
			isa = PBXGroup;
			children = (
				000C896226FD02090066E7B1 /* Cell */,
				006681AA25BDF2560097FC2D /* EpisodesList.storyboard */,
				00DDEE7625842EAE00802CE9 /* EpisodeListViewController.swift */,
				00785B1D26EA942900D6D66B /* EpisodeListPresenter.swift */,
				00785B2026EA942900D6D66B /* EpisodeListInteractor.swift */,
				00785B1E26EA942900D6D66B /* EpisodeListRouter.swift */,
				00785B1F26EA942900D6D66B /* EpisodeListAssembly.swift */,
			);
			path = EpisodeList;
			sourceTree = "<group>";
		};
		0093A1652580363600DAC1E6 /* Resources */ = {
			isa = PBXGroup;
			children = (
				003435932580227E009D5C75 /* Image.xcassets */,
				0045B83127174FC200873A9B /* Color.xcassets */,
				00DDEE532583F52A00802CE9 /* Fonts */,
			);
			path = Resources;
			sourceTree = "<group>";
		};
		00B1A9BC26F3C98300CF4568 /* Cell */ = {
			isa = PBXGroup;
			children = (
				0093A17625803FF000DAC1E6 /* EpisodeCell.swift */,
				00B1A9BD26F3C99E00CF4568 /* EpisodeCell.xib */,
			);
			path = Cell;
			sourceTree = "<group>";
		};
		00B8DAD326F298D100C9BFAC /* Cell */ = {
			isa = PBXGroup;
			children = (
				00B8DADB26F3BEA300C9BFAC /* LoadingCell.xib */,
				00B8DADD26F3BFA700C9BFAC /* LocationCell.xib */,
				0093A17325803FC200DAC1E6 /* LocationCell.swift */,
			);
			path = Cell;
			sourceTree = "<group>";
		};
		00B8DAD426F31E4D00C9BFAC /* Episode */ = {
			isa = PBXGroup;
			children = (
				00785B1B26EA942900D6D66B /* EpisodeList */,
				B1D804E0D3B3EBE7E6043633 /* EpisodeDetails */,
				2F40B0CEBA8E05BC2307001C /* EpisodeListPagination */,
			);
			path = Episode;
			sourceTree = "<group>";
		};
		00B8DAD526F31E6700C9BFAC /* Character */ = {
			isa = PBXGroup;
			children = (
				00E3CDC326E9314A00A41901 /* CharacterList */,
				00E41EA026DD2F7400205CC5 /* CharacterDetails */,
				8F6D5F9F7CEAFF0CABC106F4 /* CharacterListPagination */,
			);
			path = Character;
			sourceTree = "<group>";
		};
		00B8DAD626F31E7900C9BFAC /* Location */ = {
			isa = PBXGroup;
			children = (
				00E41EB326DE0C9C00205CC5 /* LocationDetails */,
				116BF19A8CC676797B2B10F9 /* LocationListPagination */,
			);
			path = Location;
			sourceTree = "<group>";
		};
		00B8DAD726F31EC500C9BFAC /* Cell */ = {
			isa = PBXGroup;
			children = (
				00DDEE6D25841A9B00802CE9 /* CharacterCollectionViewCell.swift */,
			);
			path = Cell;
			sourceTree = "<group>";
		};
		00B8DAD826F31EDE00C9BFAC /* Cell */ = {
			isa = PBXGroup;
			children = (
				0093A17025803F7000DAC1E6 /* CharacterTableViewCell.swift */,
				0045B82F2716020E00873A9B /* CharacterTableViewCell.xib */,
			);
			path = Cell;
			sourceTree = "<group>";
		};
		00DDEE532583F52A00802CE9 /* Fonts */ = {
			isa = PBXGroup;
			children = (
				00DDEE552583F52A00802CE9 /* SF-Pro-Text-Medium.otf */,
				00DDEE542583F52A00802CE9 /* SF-Pro-Text-Regular.otf */,
				00DDEE562583F52A00802CE9 /* SF-Pro-Text-Semibold.otf */,
				00DDEE572583F52A00802CE9 /* SF-Pro-Text-Bold.otf */,
			);
			path = Fonts;
			sourceTree = "<group>";
		};
		00DDEE872584451500802CE9 /* Extension */ = {
			isa = PBXGroup;
			children = (
				00DDEE892584455800802CE9 /* UIView + Extension.swift */,
				00B1A9BF26F5101D00CF4568 /* UITableViewCell + Extension.swift */,
			);
			path = Extension;
			sourceTree = "<group>";
		};
		00E3CDC326E9314A00A41901 /* CharacterList */ = {
			isa = PBXGroup;
			children = (
				00B8DAD726F31EC500C9BFAC /* Cell */,
				0053CD3C2588134100A598B7 /* CharactersList.storyboard */,
				00DDEE7125841C8900802CE9 /* CharacterListViewController.swift */,
				00E3CDC426E9317000A41901 /* CharacterListPresenter.swift */,
				00E3CDC626E9317C00A41901 /* CharacterListInteractor.swift */,
				00E3CDC826E9318700A41901 /* CharacterListRouter.swift */,
				00E3CDCA26E931A800A41901 /* CharacterListAssembly.swift */,
			);
			path = CharacterList;
			sourceTree = "<group>";
		};
		00E3CDDF26E95DD100A41901 /* RickAndMortyTests */ = {
			isa = PBXGroup;
			children = (
				0045B8572718BEF400873A9B /* Mock */,
				00E3CDE026E95DD100A41901 /* RickAndMortyTests.swift */,
				00E3CDE226E95DD100A41901 /* Info.plist */,
			);
			path = RickAndMortyTests;
			sourceTree = "<group>";
		};
		00E3CDE826E9604E00A41901 /* Templates */ = {
			isa = PBXGroup;
			children = (
				0045B84C2718BCF100873A9B /* Sourcery */,
				00E3CE0426EA905100A41901 /* RickAndMorty */,
			);
			path = Templates;
			sourceTree = "<group>";
		};
		00E3CE0426EA905100A41901 /* RickAndMorty */ = {
			isa = PBXGroup;
			children = (
				00E3CE0526EA905100A41901 /* Code */,
				00E3CE0B26EA905100A41901 /* RickAndMorty.rambaspec */,
			);
			path = RickAndMorty;
			sourceTree = "<group>";
		};
		00E3CE0526EA905100A41901 /* Code */ = {
			isa = PBXGroup;
			children = (
				00E3CE0626EA905100A41901 /* assembly.swift.liquid */,
				00E3CE0726EA905100A41901 /* presenter.swift.liquid */,
				00E3CE0826EA905100A41901 /* router.swift.liquid */,
				00E3CE0926EA905100A41901 /* view.swift.liquid */,
				00E3CE0A26EA905100A41901 /* interactor.swift.liquid */,
			);
			path = Code;
			sourceTree = "<group>";
		};
		00E41EA026DD2F7400205CC5 /* CharacterDetails */ = {
			isa = PBXGroup;
			children = (
				0053CD4D2588145900A598B7 /* CharacterScreen.storyboard */,
				002337042582C92A00D56B60 /* CharacterDetailsViewController.swift */,
				00E41EA126DD2FBF00205CC5 /* CharacterDetailsPresenter.swift */,
				00E41EA326DD2FCB00205CC5 /* CharacterDetailsInteractor.swift */,
				00E41EB026DDFEAB00205CC5 /* CharacterDetailsRouter.swift */,
				00E41EA526DD2FDF00205CC5 /* CharacterDetailsAssembly.swift */,
			);
			path = CharacterDetails;
			sourceTree = "<group>";
		};
		00E41EB226DE09EB00205CC5 /* Modules */ = {
			isa = PBXGroup;
			children = (
				03E1BB77C7EF6723C543D67C /* Home */,
				00B8DAD426F31E4D00C9BFAC /* Episode */,
				00B8DAD626F31E7900C9BFAC /* Location */,
				00B8DAD526F31E6700C9BFAC /* Character */,
			);
			path = Modules;
			sourceTree = "<group>";
		};
		00E41EB326DE0C9C00205CC5 /* LocationDetails */ = {
			isa = PBXGroup;
			children = (
				0053CD402588138F00A598B7 /* LocationScreen.storyboard */,
				00DDEE5F25840A8F00802CE9 /* LocationDetailsViewController.swift */,
				00E41EB426DE0D9500205CC5 /* LocationDetailsPresenter.swift */,
				00E41EB626DE0DA800205CC5 /* LocationDetailsInteractor.swift */,
				00E41EBA26DE0DC400205CC5 /* LocationDetailsRouter.swift */,
				00E41EB826DE0DB500205CC5 /* LocationDetailsAssembly.swift */,
			);
			path = LocationDetails;
			sourceTree = "<group>";
		};
		00FFCB5E258B7AF900D3BD64 /* Models */ = {
			isa = PBXGroup;
			children = (
				00FFCB5F258B7B6E00D3BD64 /* CharacterModel.swift */,
				00FFCB69258BB39A00D3BD64 /* LocationModel.swift */,
				00FFCB71258BE2B500D3BD64 /* EpisodeModel.swift */,
			);
			path = Models;
			sourceTree = "<group>";
		};
		00FFCBB8258BFC0B00D3BD64 /* Service */ = {
			isa = PBXGroup;
			children = (
				00FFCB5E258B7AF900D3BD64 /* Models */,
				00FFCB5B258B77E500D3BD64 /* NetworkManager.swift */,
				00E91407258F64AF00121605 /* CharacterService.swift */,
				00E9140A258F653900121605 /* LocationService.swift */,
				00E9140D258F655300121605 /* EpisodeService.swift */,
				005F3B7625BDA91200A39CAD /* ImageService.swift */,
			);
			path = Service;
			sourceTree = "<group>";
		};
		03E1BB77C7EF6723C543D67C /* Home */ = {
			isa = PBXGroup;
			children = (
				003435902580227B009D5C75 /* Main.storyboard */,
				1A745214097599C03669855D /* HomeView.swift */,
				CF947929280B3A3E4D031578 /* HomePresenter.swift */,
				3C0FB8BFEB9B455E44C15FA9 /* HomeInteractor.swift */,
				57FD70896269FB89400BEDEA /* HomeRouter.swift */,
				193E2310FE9F0920E7E161D2 /* HomeAssembly.swift */,
			);
			path = Home;
			sourceTree = "<group>";
		};
		116BF19A8CC676797B2B10F9 /* LocationListPagination */ = {
			isa = PBXGroup;
			children = (
				00B8DAD326F298D100C9BFAC /* Cell */,
				00B8DAD126F298C800C9BFAC /* LocationListPagination.storyboard */,
				98F751C81CDBEEAAD8DE46A3 /* LocationListPaginationViewController.swift */,
				86CB723AC76261C68A661B22 /* LocationListPaginationPresenter.swift */,
				14F51D1F7F5BF58D7358349F /* LocationListPaginationInteractor.swift */,
				4C1DA0D5415A2D87A2152A2C /* LocationListPaginationRouter.swift */,
				7EDD1C61E6FD2731116B07A9 /* LocationListPaginationAssembly.swift */,
			);
			path = LocationListPagination;
			sourceTree = "<group>";
		};
		2F40B0CEBA8E05BC2307001C /* EpisodeListPagination */ = {
			isa = PBXGroup;
			children = (
				00B1A9BC26F3C98300CF4568 /* Cell */,
				00B1A9BA26F3C95B00CF4568 /* EpisodeListPagination.storyboard */,
				9FB6D3AAE961653493C43531 /* EpisodeListPaginationView.swift */,
				52995397430E38C84D129E23 /* EpisodeListPaginationPresenter.swift */,
				1EBDC072B028CC78EDDFF8EF /* EpisodeListPaginationInteractor.swift */,
				ED09B1EE936982199C0323D6 /* EpisodeListPaginationRouter.swift */,
				BE0E14DD78B01B07A3BD9127 /* EpisodeListPaginationAssembly.swift */,
			);
			path = EpisodeListPagination;
			sourceTree = "<group>";
		};
		84B14065AF4A0C0AEA654C48 /* Frameworks */ = {
			isa = PBXGroup;
			children = (
				620632122D135743D3631876 /* Pods_RickAndMorty.framework */,
				65E18EAD60427D2B59572576 /* Pods_RickAndMortyTests.framework */,
			);
			name = Frameworks;
			sourceTree = "<group>";
		};
		8F6D5F9F7CEAFF0CABC106F4 /* CharacterListPagination */ = {
			isa = PBXGroup;
			children = (
				00B8DAD826F31EDE00C9BFAC /* Cell */,
				00B8DAD926F3223100C9BFAC /* CharacterListPagination.storyboard */,
				EB13704C9329DD139A55B97A /* CharacterListPaginationView.swift */,
				24B9BFC40750780CCB682447 /* CharacterListPaginationPresenter.swift */,
				B5B9157EE1556B105D7FBF06 /* CharacterListPaginationInteractor.swift */,
				EE7AB07B1D66CCCBB520D498 /* CharacterListPaginationRouter.swift */,
				369C08A55646AA68BE636AA8 /* CharacterListPaginationAssembly.swift */,
			);
			path = CharacterListPagination;
			sourceTree = "<group>";
		};
		97F34932495A393606B6864F /* Pods */ = {
			isa = PBXGroup;
			children = (
				B55E0ED1DC92EB94931922C8 /* Pods-RickAndMorty.debug.xcconfig */,
				3AD975B051F1CFA8C4B3879A /* Pods-RickAndMorty.release.xcconfig */,
				B752AD98093B0BD3AC0378BE /* Pods-RickAndMortyTests.debug.xcconfig */,
				A7FE128768DFC0419D6547C8 /* Pods-RickAndMortyTests.release.xcconfig */,
			);
			path = Pods;
			sourceTree = "<group>";
		};
		B1D804E0D3B3EBE7E6043633 /* EpisodeDetails */ = {
			isa = PBXGroup;
			children = (
				0053CD44258813EC00A598B7 /* EpisodeScreen.storyboard */,
				00785B2626EAB07C00D6D66B /* EpisodeDetailsView.swift */,
				5BDBABB827F363701E81C37F /* EpisodeDetailsPresenter.swift */,
				020A41599E169E4620ECC694 /* EpisodeDetailsInteractor.swift */,
				FB5809FFF591D55F8FB9F4E9 /* EpisodeDetailsRouter.swift */,
				3A18FB3D1634246F1D4DCF53 /* EpisodeDetailsAssembly.swift */,
			);
			path = EpisodeDetails;
			sourceTree = "<group>";
		};
/* End PBXGroup section */

/* Begin PBXNativeTarget section */
		00E3CDDD26E95DD100A41901 /* RickAndMortyTests */ = {
			isa = PBXNativeTarget;
			buildConfigurationList = 00E3CDE526E95DD100A41901 /* Build configuration list for PBXNativeTarget "RickAndMortyTests" */;
			buildPhases = (
				A1380C018AB9C245CDDE0EE0 /* [CP] Check Pods Manifest.lock */,
				00E3CDDA26E95DD100A41901 /* Sources */,
				00E3CDDB26E95DD100A41901 /* Frameworks */,
				00E3CDDC26E95DD100A41901 /* Resources */,
			);
			buildRules = (
			);
			dependencies = (
				00E3CDE426E95DD100A41901 /* PBXTargetDependency */,
			);
			name = RickAndMortyTests;
			productName = RickAndMortyTests;
			productReference = 00E3CDDE26E95DD100A41901 /* RickAndMortyTests.xctest */;
			productType = "com.apple.product-type.bundle.unit-test";
		};
		00FFCB7A258BF73B00D3BD64 /* RickAndMorty */ = {
			isa = PBXNativeTarget;
			buildConfigurationList = 00FFCB8C258BF73D00D3BD64 /* Build configuration list for PBXNativeTarget "RickAndMorty" */;
			buildPhases = (
				1579E65A1300A602567D724D /* [CP] Check Pods Manifest.lock */,
				00FFCB77258BF73B00D3BD64 /* Sources */,
				00FFCB78258BF73B00D3BD64 /* Frameworks */,
				00FFCB79258BF73B00D3BD64 /* Resources */,
				0045B84B2718BB7100873A9B /* Sourcery */,
			);
			buildRules = (
			);
			dependencies = (
			);
			name = RickAndMorty;
			productName = RickAndMorty;
			productReference = 00FFCB7B258BF73B00D3BD64 /* RickAndMorty.app */;
			productType = "com.apple.product-type.application";
		};
/* End PBXNativeTarget section */

/* Begin PBXProject section */
		0034357F2580227B009D5C75 /* Project object */ = {
			isa = PBXProject;
			attributes = {
				LastSwiftUpdateCheck = 1250;
				LastUpgradeCheck = 1220;
				TargetAttributes = {
					00E3CDDD26E95DD100A41901 = {
						CreatedOnToolsVersion = 12.5.1;
						LastSwiftMigration = 1300;
						TestTargetID = 00FFCB7A258BF73B00D3BD64;
					};
					00FFCB7A258BF73B00D3BD64 = {
						CreatedOnToolsVersion = 12.2;
					};
				};
			};
			buildConfigurationList = 003435822580227B009D5C75 /* Build configuration list for PBXProject "RickAndMorty" */;
			compatibilityVersion = "Xcode 9.3";
			developmentRegion = en;
			hasScannedForEncodings = 0;
			knownRegions = (
				en,
				Base,
			);
			mainGroup = 0034357E2580227B009D5C75;
			productRefGroup = 003435882580227B009D5C75 /* Products */;
			projectDirPath = "";
			projectRoot = "";
			targets = (
				00FFCB7A258BF73B00D3BD64 /* RickAndMorty */,
				00E3CDDD26E95DD100A41901 /* RickAndMortyTests */,
			);
		};
/* End PBXProject section */

/* Begin PBXResourcesBuildPhase section */
		00E3CDDC26E95DD100A41901 /* Resources */ = {
			isa = PBXResourcesBuildPhase;
			buildActionMask = 2147483647;
			files = (
				0045B8582718BEF400873A9B /* Mock in Resources */,
			);
			runOnlyForDeploymentPostprocessing = 0;
		};
		00FFCB79258BF73B00D3BD64 /* Resources */ = {
			isa = PBXResourcesBuildPhase;
			buildActionMask = 2147483647;
			files = (
				0066819A25BDF1D30097FC2D /* CharacterScreen.storyboard in Resources */,
				0045B84E2718BD1400873A9B /* AutoMockable.stencil in Resources */,
				00B1A9BB26F3C95B00CF4568 /* EpisodeListPagination.storyboard in Resources */,
				0066819C25BDF1D30097FC2D /* EpisodeScreen.storyboard in Resources */,
				006681AC25BDF2560097FC2D /* EpisodesList.storyboard in Resources */,
				0066819D25BDF1D30097FC2D /* LocationScreen.storyboard in Resources */,
				00B1A9BE26F3C99E00CF4568 /* EpisodeCell.xib in Resources */,
				0066819E25BDF1D30097FC2D /* CharactersList.storyboard in Resources */,
				00FFCB91258BF99E00D3BD64 /* Image.xcassets in Resources */,
				0045B8502718BE8500873A9B /* .sourcery.yml in Resources */,
				00FFCB92258BF99E00D3BD64 /* SF-Pro-Text-Medium.otf in Resources */,
				00FFCB93258BF99E00D3BD64 /* SF-Pro-Text-Regular.otf in Resources */,
				0045B8302716020E00873A9B /* CharacterTableViewCell.xib in Resources */,
				00B8DADC26F3BEA300C9BFAC /* LoadingCell.xib in Resources */,
				00FFCB94258BF99E00D3BD64 /* SF-Pro-Text-Semibold.otf in Resources */,
				00B8DADE26F3BFA700C9BFAC /* LocationCell.xib in Resources */,
				00FFCB95258BF99E00D3BD64 /* SF-Pro-Text-Bold.otf in Resources */,
				00FFCB9B258BF99E00D3BD64 /* Main.storyboard in Resources */,
				00B8DAD226F298C800C9BFAC /* LocationListPagination.storyboard in Resources */,
				0045B83227174FC200873A9B /* Color.xcassets in Resources */,
				00B8DADA26F3223100C9BFAC /* CharacterListPagination.storyboard in Resources */,
				00FFCB9C258BF99E00D3BD64 /* LaunchScreen.storyboard in Resources */,
			);
			runOnlyForDeploymentPostprocessing = 0;
		};
/* End PBXResourcesBuildPhase section */

/* Begin PBXShellScriptBuildPhase section */
		0045B84B2718BB7100873A9B /* Sourcery */ = {
			isa = PBXShellScriptBuildPhase;
			buildActionMask = 2147483647;
			files = (
			);
			inputFileListPaths = (
			);
			inputPaths = (
			);
			name = Sourcery;
			outputFileListPaths = (
			);
			outputPaths = (
			);
			runOnlyForDeploymentPostprocessing = 0;
			shellPath = /bin/sh;
			shellScript = "\"${PODS_ROOT}/Sourcery/bin/sourcery\" --config \"${SRCROOT}/.sourcery.yml\"\n";
		};
		1579E65A1300A602567D724D /* [CP] Check Pods Manifest.lock */ = {
			isa = PBXShellScriptBuildPhase;
			buildActionMask = 2147483647;
			files = (
			);
			inputFileListPaths = (
			);
			inputPaths = (
				"${PODS_PODFILE_DIR_PATH}/Podfile.lock",
				"${PODS_ROOT}/Manifest.lock",
			);
			name = "[CP] Check Pods Manifest.lock";
			outputFileListPaths = (
			);
			outputPaths = (
				"$(DERIVED_FILE_DIR)/Pods-RickAndMorty-checkManifestLockResult.txt",
			);
			runOnlyForDeploymentPostprocessing = 0;
			shellPath = /bin/sh;
			shellScript = "diff \"${PODS_PODFILE_DIR_PATH}/Podfile.lock\" \"${PODS_ROOT}/Manifest.lock\" > /dev/null\nif [ $? != 0 ] ; then\n    # print error to STDERR\n    echo \"error: The sandbox is not in sync with the Podfile.lock. Run 'pod install' or update your CocoaPods installation.\" >&2\n    exit 1\nfi\n# This output is used by Xcode 'outputs' to avoid re-running this script phase.\necho \"SUCCESS\" > \"${SCRIPT_OUTPUT_FILE_0}\"\n";
			showEnvVarsInLog = 0;
		};
		A1380C018AB9C245CDDE0EE0 /* [CP] Check Pods Manifest.lock */ = {
			isa = PBXShellScriptBuildPhase;
			buildActionMask = 2147483647;
			files = (
			);
			inputFileListPaths = (
			);
			inputPaths = (
				"${PODS_PODFILE_DIR_PATH}/Podfile.lock",
				"${PODS_ROOT}/Manifest.lock",
			);
			name = "[CP] Check Pods Manifest.lock";
			outputFileListPaths = (
			);
			outputPaths = (
				"$(DERIVED_FILE_DIR)/Pods-RickAndMortyTests-checkManifestLockResult.txt",
			);
			runOnlyForDeploymentPostprocessing = 0;
			shellPath = /bin/sh;
			shellScript = "diff \"${PODS_PODFILE_DIR_PATH}/Podfile.lock\" \"${PODS_ROOT}/Manifest.lock\" > /dev/null\nif [ $? != 0 ] ; then\n    # print error to STDERR\n    echo \"error: The sandbox is not in sync with the Podfile.lock. Run 'pod install' or update your CocoaPods installation.\" >&2\n    exit 1\nfi\n# This output is used by Xcode 'outputs' to avoid re-running this script phase.\necho \"SUCCESS\" > \"${SCRIPT_OUTPUT_FILE_0}\"\n";
			showEnvVarsInLog = 0;
		};
/* End PBXShellScriptBuildPhase section */

/* Begin PBXSourcesBuildPhase section */
		00E3CDDA26E95DD100A41901 /* Sources */ = {
			isa = PBXSourcesBuildPhase;
			buildActionMask = 2147483647;
			files = (
				00E3CDE126E95DD100A41901 /* RickAndMortyTests.swift in Sources */,
			);
			runOnlyForDeploymentPostprocessing = 0;
		};
		00FFCB77258BF73B00D3BD64 /* Sources */ = {
			isa = PBXSourcesBuildPhase;
			buildActionMask = 2147483647;
			files = (
				00FFCBB2258BF9ED00D3BD64 /* NetworkManager.swift in Sources */,
				005F3B7725BDA91200A39CAD /* ImageService.swift in Sources */,
				00FFCBAF258BF9C000D3BD64 /* AppDelegate.swift in Sources */,
				00FFCBB0258BF9C000D3BD64 /* SceneDelegate.swift in Sources */,
				00785B2226EA942900D6D66B /* EpisodeListPresenter.swift in Sources */,
				00FFCB9E258BF9B600D3BD64 /* CharacterModel.swift in Sources */,
				00FFCB9F258BF9B600D3BD64 /* LocationModel.swift in Sources */,
				00E9140E258F655300121605 /* EpisodeService.swift in Sources */,
				00785B2526EA942900D6D66B /* EpisodeListInteractor.swift in Sources */,
				00FFCBA0258BF9B600D3BD64 /* EpisodeModel.swift in Sources */,
				00E41EA426DD2FCB00205CC5 /* CharacterDetailsInteractor.swift in Sources */,
				00FFCBA1258BF9B600D3BD64 /* CustomSegmentedControl.swift in Sources */,
				00E91408258F64AF00121605 /* CharacterService.swift in Sources */,
				00FFCBA2258BF9B600D3BD64 /* UIView + Extension.swift in Sources */,
				00E3CDC726E9317C00A41901 /* CharacterListInteractor.swift in Sources */,
				00E41EB926DE0DB500205CC5 /* LocationDetailsAssembly.swift in Sources */,
				00E41EA626DD2FDF00205CC5 /* CharacterDetailsAssembly.swift in Sources */,
				00FFCBA3258BF9B600D3BD64 /* LocationDetailsViewController.swift in Sources */,
				00E41EB726DE0DA800205CC5 /* LocationDetailsInteractor.swift in Sources */,
				005F3B7225BD7C3000A39CAD /* CharacterImageView.swift in Sources */,
				00E41EB126DDFEAB00205CC5 /* CharacterDetailsRouter.swift in Sources */,
				00FFCBA5258BF9B600D3BD64 /* CharacterTableViewCell.swift in Sources */,
				00E41EA226DD2FBF00205CC5 /* CharacterDetailsPresenter.swift in Sources */,
				00FFCBA6258BF9B600D3BD64 /* LocationCell.swift in Sources */,
				00E41EBB26DE0DC400205CC5 /* LocationDetailsRouter.swift in Sources */,
				00E3CDC926E9318700A41901 /* CharacterListRouter.swift in Sources */,
				00785B2426EA942900D6D66B /* EpisodeListAssembly.swift in Sources */,
				00E9140B258F653900121605 /* LocationService.swift in Sources */,
				00FFCBA7258BF9B600D3BD64 /* EpisodeCell.swift in Sources */,
				00E3CDCB26E931A800A41901 /* CharacterListAssembly.swift in Sources */,
				00FFCBA8258BF9B600D3BD64 /* CharacterCollectionViewCell.swift in Sources */,
				00785B2326EA942900D6D66B /* EpisodeListRouter.swift in Sources */,
				00FFCBA9258BF9B600D3BD64 /* CharacterListViewController.swift in Sources */,
				00785B2726EAB07C00D6D66B /* EpisodeDetailsView.swift in Sources */,
				00E41EB526DE0D9500205CC5 /* LocationDetailsPresenter.swift in Sources */,
				00B1A9C026F5101D00CF4568 /* UITableViewCell + Extension.swift in Sources */,
				00E3CDC526E9317000A41901 /* CharacterListPresenter.swift in Sources */,
				00FFCBAA258BF9B600D3BD64 /* CharacterDetailsViewController.swift in Sources */,
				00FFCBAB258BF9B600D3BD64 /* EpisodeListViewController.swift in Sources */,
				00FFCBAC258BF9B600D3BD64 /* EpisodeCollectionViewCell.swift in Sources */,
				81384C471B194FB1A47A2FBC /* EpisodeDetailsPresenter.swift in Sources */,
				17402CEB51FEBCC4FD2FB284 /* EpisodeDetailsInteractor.swift in Sources */,
				3DDDC2C1CFEFF2CA898670CF /* EpisodeDetailsRouter.swift in Sources */,
				6999D02C6FD4297FB3D5EEA0 /* EpisodeDetailsAssembly.swift in Sources */,
				563AD3BBEDC8B2F5E33EEF12 /* HomeView.swift in Sources */,
				5EAC84965BDEB3068676C4DB /* HomePresenter.swift in Sources */,
				08DA91F52215BF8EFEE82FD5 /* HomeInteractor.swift in Sources */,
				27B4E1CE0EC29E9E012795AF /* HomeRouter.swift in Sources */,
				6249098ECA20997645CC3A41 /* HomeAssembly.swift in Sources */,
				FA9141D1DA16A6FBF1653D36 /* LocationListPaginationViewController.swift in Sources */,
				BC80BEAA910CCEE2683F953F /* LocationListPaginationPresenter.swift in Sources */,
				AF86EB25BC34F51CF07352D5 /* LocationListPaginationInteractor.swift in Sources */,
				FED986797086F516FC702D29 /* LocationListPaginationRouter.swift in Sources */,
				875A631402E67037B3A02A8E /* LocationListPaginationAssembly.swift in Sources */,
				1B9D2CDBD3599F619E90B86F /* CharacterListPaginationView.swift in Sources */,
				08AAFAEEA827C0C537599EF6 /* CharacterListPaginationPresenter.swift in Sources */,
				634B29B0EEAD0977A86F1A00 /* CharacterListPaginationInteractor.swift in Sources */,
				3627CA703AC3C2C5DAD5A89F /* CharacterListPaginationRouter.swift in Sources */,
				996C3BF2FD1112A57CEF84AF /* CharacterListPaginationAssembly.swift in Sources */,
				C440FE2F28AAF0ADA703C2DC /* EpisodeListPaginationView.swift in Sources */,
				4FEA2A425AE74CD0A974CD4D /* EpisodeListPaginationPresenter.swift in Sources */,
				916EAC8D69B5C5AF850ADEFF /* EpisodeListPaginationInteractor.swift in Sources */,
				5004BD10FE3A270981F36F98 /* EpisodeListPaginationRouter.swift in Sources */,
				FCA042771A4520449F9CCED4 /* EpisodeListPaginationAssembly.swift in Sources */,
			);
			runOnlyForDeploymentPostprocessing = 0;
		};
/* End PBXSourcesBuildPhase section */

/* Begin PBXTargetDependency section */
		00E3CDE426E95DD100A41901 /* PBXTargetDependency */ = {
			isa = PBXTargetDependency;
			target = 00FFCB7A258BF73B00D3BD64 /* RickAndMorty */;
			targetProxy = 00E3CDE326E95DD100A41901 /* PBXContainerItemProxy */;
		};
/* End PBXTargetDependency section */

/* Begin PBXVariantGroup section */
		003435902580227B009D5C75 /* Main.storyboard */ = {
			isa = PBXVariantGroup;
			children = (
				003435912580227B009D5C75 /* Base */,
			);
			name = Main.storyboard;
			sourceTree = "<group>";
		};
		003435952580227E009D5C75 /* LaunchScreen.storyboard */ = {
			isa = PBXVariantGroup;
			children = (
				003435962580227E009D5C75 /* Base */,
			);
			name = LaunchScreen.storyboard;
			sourceTree = "<group>";
		};
		0053CD3C2588134100A598B7 /* CharactersList.storyboard */ = {
			isa = PBXVariantGroup;
			children = (
				0053CD3D2588134100A598B7 /* Base */,
			);
			name = CharactersList.storyboard;
			sourceTree = "<group>";
		};
		0053CD402588138F00A598B7 /* LocationScreen.storyboard */ = {
			isa = PBXVariantGroup;
			children = (
				0053CD412588138F00A598B7 /* Base */,
			);
			name = LocationScreen.storyboard;
			sourceTree = "<group>";
		};
		0053CD44258813EC00A598B7 /* EpisodeScreen.storyboard */ = {
			isa = PBXVariantGroup;
			children = (
				0053CD45258813EC00A598B7 /* Base */,
			);
			name = EpisodeScreen.storyboard;
			sourceTree = "<group>";
		};
		0053CD4D2588145900A598B7 /* CharacterScreen.storyboard */ = {
			isa = PBXVariantGroup;
			children = (
				0053CD4E2588145900A598B7 /* Base */,
			);
			name = CharacterScreen.storyboard;
			sourceTree = "<group>";
		};
		006681AA25BDF2560097FC2D /* EpisodesList.storyboard */ = {
			isa = PBXVariantGroup;
			children = (
				006681AB25BDF2560097FC2D /* Base */,
			);
			name = EpisodesList.storyboard;
			sourceTree = "<group>";
		};
/* End PBXVariantGroup section */

/* Begin XCBuildConfiguration section */
		003435992580227E009D5C75 /* Debug */ = {
			isa = XCBuildConfiguration;
			buildSettings = {
				ALWAYS_SEARCH_USER_PATHS = NO;
				CLANG_ANALYZER_NONNULL = YES;
				CLANG_ANALYZER_NUMBER_OBJECT_CONVERSION = YES_AGGRESSIVE;
				CLANG_CXX_LANGUAGE_STANDARD = "gnu++14";
				CLANG_CXX_LIBRARY = "libc++";
				CLANG_ENABLE_MODULES = YES;
				CLANG_ENABLE_OBJC_ARC = YES;
				CLANG_ENABLE_OBJC_WEAK = YES;
				CLANG_WARN_BLOCK_CAPTURE_AUTORELEASING = YES;
				CLANG_WARN_BOOL_CONVERSION = YES;
				CLANG_WARN_COMMA = YES;
				CLANG_WARN_CONSTANT_CONVERSION = YES;
				CLANG_WARN_DEPRECATED_OBJC_IMPLEMENTATIONS = YES;
				CLANG_WARN_DIRECT_OBJC_ISA_USAGE = YES_ERROR;
				CLANG_WARN_DOCUMENTATION_COMMENTS = YES;
				CLANG_WARN_EMPTY_BODY = YES;
				CLANG_WARN_ENUM_CONVERSION = YES;
				CLANG_WARN_INFINITE_RECURSION = YES;
				CLANG_WARN_INT_CONVERSION = YES;
				CLANG_WARN_NON_LITERAL_NULL_CONVERSION = YES;
				CLANG_WARN_OBJC_IMPLICIT_RETAIN_SELF = YES;
				CLANG_WARN_OBJC_LITERAL_CONVERSION = YES;
				CLANG_WARN_OBJC_ROOT_CLASS = YES_ERROR;
				CLANG_WARN_QUOTED_INCLUDE_IN_FRAMEWORK_HEADER = YES;
				CLANG_WARN_RANGE_LOOP_ANALYSIS = YES;
				CLANG_WARN_STRICT_PROTOTYPES = YES;
				CLANG_WARN_SUSPICIOUS_MOVE = YES;
				CLANG_WARN_UNGUARDED_AVAILABILITY = YES_AGGRESSIVE;
				CLANG_WARN_UNREACHABLE_CODE = YES;
				CLANG_WARN__DUPLICATE_METHOD_MATCH = YES;
				COPY_PHASE_STRIP = NO;
				DEBUG_INFORMATION_FORMAT = dwarf;
				ENABLE_STRICT_OBJC_MSGSEND = YES;
				ENABLE_TESTABILITY = YES;
				GCC_C_LANGUAGE_STANDARD = gnu11;
				GCC_DYNAMIC_NO_PIC = NO;
				GCC_NO_COMMON_BLOCKS = YES;
				GCC_OPTIMIZATION_LEVEL = 0;
				GCC_PREPROCESSOR_DEFINITIONS = (
					"DEBUG=1",
					"$(inherited)",
				);
				GCC_WARN_64_TO_32_BIT_CONVERSION = YES;
				GCC_WARN_ABOUT_RETURN_TYPE = YES_ERROR;
				GCC_WARN_UNDECLARED_SELECTOR = YES;
				GCC_WARN_UNINITIALIZED_AUTOS = YES_AGGRESSIVE;
				GCC_WARN_UNUSED_FUNCTION = YES;
				GCC_WARN_UNUSED_VARIABLE = YES;
				IPHONEOS_DEPLOYMENT_TARGET = 12.0;
				MTL_ENABLE_DEBUG_INFO = INCLUDE_SOURCE;
				MTL_FAST_MATH = YES;
				ONLY_ACTIVE_ARCH = YES;
				SDKROOT = iphoneos;
				SWIFT_ACTIVE_COMPILATION_CONDITIONS = DEBUG;
				SWIFT_OPTIMIZATION_LEVEL = "-Onone";
			};
			name = Debug;
		};
		0034359A2580227E009D5C75 /* Release */ = {
			isa = XCBuildConfiguration;
			buildSettings = {
				ALWAYS_SEARCH_USER_PATHS = NO;
				CLANG_ANALYZER_NONNULL = YES;
				CLANG_ANALYZER_NUMBER_OBJECT_CONVERSION = YES_AGGRESSIVE;
				CLANG_CXX_LANGUAGE_STANDARD = "gnu++14";
				CLANG_CXX_LIBRARY = "libc++";
				CLANG_ENABLE_MODULES = YES;
				CLANG_ENABLE_OBJC_ARC = YES;
				CLANG_ENABLE_OBJC_WEAK = YES;
				CLANG_WARN_BLOCK_CAPTURE_AUTORELEASING = YES;
				CLANG_WARN_BOOL_CONVERSION = YES;
				CLANG_WARN_COMMA = YES;
				CLANG_WARN_CONSTANT_CONVERSION = YES;
				CLANG_WARN_DEPRECATED_OBJC_IMPLEMENTATIONS = YES;
				CLANG_WARN_DIRECT_OBJC_ISA_USAGE = YES_ERROR;
				CLANG_WARN_DOCUMENTATION_COMMENTS = YES;
				CLANG_WARN_EMPTY_BODY = YES;
				CLANG_WARN_ENUM_CONVERSION = YES;
				CLANG_WARN_INFINITE_RECURSION = YES;
				CLANG_WARN_INT_CONVERSION = YES;
				CLANG_WARN_NON_LITERAL_NULL_CONVERSION = YES;
				CLANG_WARN_OBJC_IMPLICIT_RETAIN_SELF = YES;
				CLANG_WARN_OBJC_LITERAL_CONVERSION = YES;
				CLANG_WARN_OBJC_ROOT_CLASS = YES_ERROR;
				CLANG_WARN_QUOTED_INCLUDE_IN_FRAMEWORK_HEADER = YES;
				CLANG_WARN_RANGE_LOOP_ANALYSIS = YES;
				CLANG_WARN_STRICT_PROTOTYPES = YES;
				CLANG_WARN_SUSPICIOUS_MOVE = YES;
				CLANG_WARN_UNGUARDED_AVAILABILITY = YES_AGGRESSIVE;
				CLANG_WARN_UNREACHABLE_CODE = YES;
				CLANG_WARN__DUPLICATE_METHOD_MATCH = YES;
				COPY_PHASE_STRIP = NO;
				DEBUG_INFORMATION_FORMAT = "dwarf-with-dsym";
				ENABLE_NS_ASSERTIONS = NO;
				ENABLE_STRICT_OBJC_MSGSEND = YES;
				GCC_C_LANGUAGE_STANDARD = gnu11;
				GCC_NO_COMMON_BLOCKS = YES;
				GCC_WARN_64_TO_32_BIT_CONVERSION = YES;
				GCC_WARN_ABOUT_RETURN_TYPE = YES_ERROR;
				GCC_WARN_UNDECLARED_SELECTOR = YES;
				GCC_WARN_UNINITIALIZED_AUTOS = YES_AGGRESSIVE;
				GCC_WARN_UNUSED_FUNCTION = YES;
				GCC_WARN_UNUSED_VARIABLE = YES;
				IPHONEOS_DEPLOYMENT_TARGET = 12.0;
				MTL_ENABLE_DEBUG_INFO = NO;
				MTL_FAST_MATH = YES;
				SDKROOT = iphoneos;
				SWIFT_COMPILATION_MODE = wholemodule;
				SWIFT_OPTIMIZATION_LEVEL = "-O";
				VALIDATE_PRODUCT = YES;
			};
			name = Release;
		};
		00E3CDE626E95DD100A41901 /* Debug */ = {
			isa = XCBuildConfiguration;
			baseConfigurationReference = B752AD98093B0BD3AC0378BE /* Pods-RickAndMortyTests.debug.xcconfig */;
			buildSettings = {
				BUNDLE_LOADER = "$(TEST_HOST)";
				CLANG_ENABLE_MODULES = YES;
				CODE_SIGN_STYLE = Automatic;
				DEVELOPMENT_TEAM = 88KRW3HF29;
				INFOPLIST_FILE = RickAndMortyTests/Info.plist;
				IPHONEOS_DEPLOYMENT_TARGET = 14.5;
				LD_RUNPATH_SEARCH_PATHS = (
					"$(inherited)",
					"@executable_path/Frameworks",
					"@loader_path/Frameworks",
				);
				PRODUCT_BUNDLE_IDENTIFIER = ru.philanthropist.RickAndMortyTests;
				PRODUCT_NAME = "$(TARGET_NAME)";
				SWIFT_OPTIMIZATION_LEVEL = "-Onone";
				SWIFT_VERSION = 5.0;
				TARGETED_DEVICE_FAMILY = "1,2";
				TEST_HOST = "$(BUILT_PRODUCTS_DIR)/RickAndMorty.app/RickAndMorty";
			};
			name = Debug;
		};
		00E3CDE726E95DD100A41901 /* Release */ = {
			isa = XCBuildConfiguration;
			baseConfigurationReference = A7FE128768DFC0419D6547C8 /* Pods-RickAndMortyTests.release.xcconfig */;
			buildSettings = {
				BUNDLE_LOADER = "$(TEST_HOST)";
				CLANG_ENABLE_MODULES = YES;
				CODE_SIGN_STYLE = Automatic;
				DEVELOPMENT_TEAM = 88KRW3HF29;
				INFOPLIST_FILE = RickAndMortyTests/Info.plist;
				IPHONEOS_DEPLOYMENT_TARGET = 14.5;
				LD_RUNPATH_SEARCH_PATHS = (
					"$(inherited)",
					"@executable_path/Frameworks",
					"@loader_path/Frameworks",
				);
				PRODUCT_BUNDLE_IDENTIFIER = ru.philanthropist.RickAndMortyTests;
				PRODUCT_NAME = "$(TARGET_NAME)";
				SWIFT_VERSION = 5.0;
				TARGETED_DEVICE_FAMILY = "1,2";
				TEST_HOST = "$(BUILT_PRODUCTS_DIR)/RickAndMorty.app/RickAndMorty";
			};
			name = Release;
		};
		00FFCB8D258BF73D00D3BD64 /* Debug */ = {
			isa = XCBuildConfiguration;
			baseConfigurationReference = B55E0ED1DC92EB94931922C8 /* Pods-RickAndMorty.debug.xcconfig */;
			buildSettings = {
				ASSETCATALOG_COMPILER_APPICON_NAME = AppIcon;
				ASSETCATALOG_COMPILER_GLOBAL_ACCENT_COLOR_NAME = AccentColor;
				CODE_SIGN_STYLE = Automatic;
				DEVELOPMENT_TEAM = 88KRW3HF29;
				INFOPLIST_FILE = "RickAndMorty/Supporting Files/Info.plist";
				IPHONEOS_DEPLOYMENT_TARGET = 13.0;
				LD_RUNPATH_SEARCH_PATHS = (
					"$(inherited)",
					"@executable_path/Frameworks",
				);
				PRODUCT_BUNDLE_IDENTIFIER = ru.philanthropist.RickAndMorty;
				PRODUCT_NAME = "$(TARGET_NAME)";
				SWIFT_VERSION = 5.0;
				TARGETED_DEVICE_FAMILY = "1,2";
			};
			name = Debug;
		};
		00FFCB8E258BF73D00D3BD64 /* Release */ = {
			isa = XCBuildConfiguration;
			baseConfigurationReference = 3AD975B051F1CFA8C4B3879A /* Pods-RickAndMorty.release.xcconfig */;
			buildSettings = {
				ASSETCATALOG_COMPILER_APPICON_NAME = AppIcon;
				ASSETCATALOG_COMPILER_GLOBAL_ACCENT_COLOR_NAME = AccentColor;
				CODE_SIGN_STYLE = Automatic;
				DEVELOPMENT_TEAM = 88KRW3HF29;
				INFOPLIST_FILE = "RickAndMorty/Supporting Files/Info.plist";
				IPHONEOS_DEPLOYMENT_TARGET = 13.0;
				LD_RUNPATH_SEARCH_PATHS = (
					"$(inherited)",
					"@executable_path/Frameworks",
				);
				PRODUCT_BUNDLE_IDENTIFIER = ru.philanthropist.RickAndMorty;
				PRODUCT_NAME = "$(TARGET_NAME)";
				SWIFT_VERSION = 5.0;
				TARGETED_DEVICE_FAMILY = "1,2";
			};
			name = Release;
		};
/* End XCBuildConfiguration section */

/* Begin XCConfigurationList section */
		003435822580227B009D5C75 /* Build configuration list for PBXProject "RickAndMorty" */ = {
			isa = XCConfigurationList;
			buildConfigurations = (
				003435992580227E009D5C75 /* Debug */,
				0034359A2580227E009D5C75 /* Release */,
			);
			defaultConfigurationIsVisible = 0;
			defaultConfigurationName = Release;
		};
		00E3CDE526E95DD100A41901 /* Build configuration list for PBXNativeTarget "RickAndMortyTests" */ = {
			isa = XCConfigurationList;
			buildConfigurations = (
				00E3CDE626E95DD100A41901 /* Debug */,
				00E3CDE726E95DD100A41901 /* Release */,
			);
			defaultConfigurationIsVisible = 0;
			defaultConfigurationName = Release;
		};
		00FFCB8C258BF73D00D3BD64 /* Build configuration list for PBXNativeTarget "RickAndMorty" */ = {
			isa = XCConfigurationList;
			buildConfigurations = (
				00FFCB8D258BF73D00D3BD64 /* Debug */,
				00FFCB8E258BF73D00D3BD64 /* Release */,
			);
			defaultConfigurationIsVisible = 0;
			defaultConfigurationName = Release;
		};
/* End XCConfigurationList section */
	};
	rootObject = 0034357F2580227B009D5C75 /* Project object */;
}
